Microsoft Visual Studio Solution File, Format Version 12.00
# Visual Studio Version 17
VisualStudioVersion = 17.5.2.0
MinimumVisualStudioVersion = 10.0.40219.1
Project("{FAE04EC0-301F-11D3-BF4B-00C04F79EFBC}") = "Zad2", "Zad2\Zad2.csproj", "{05940C57-88F1-25B6-14DD-CA41FD4DBEB6}"
EndProject
Project("{FAE04EC0-301F-11D3-BF4B-00C04F79EFBC}") = "Zad1", "Zad1\Zad1.csproj", "{4351B392-20B9-40E8-4B43-8D208A5EAB9C}"
EndProject
Global
	GlobalSection(SolutionConfigurationPlatforms) = preSolution
		Debug|Any CPU = Debug|Any CPU
		Release|Any CPU = Release|Any CPU
	EndGlobalSection
	GlobalSection(ProjectConfigurationPlatforms) = postSolution
		{05940C57-88F1-25B6-14DD-CA41FD4DBEB6}.Debug|Any CPU.ActiveCfg = Debug|Any CPU
		{05940C57-88F1-25B6-14DD-CA41FD4DBEB6}.Debug|Any CPU.Build.0 = Debug|Any CPU
		{05940C57-88F1-25B6-14DD-CA41FD4DBEB6}.Release|Any CPU.ActiveCfg = Release|Any CPU
		{05940C57-88F1-25B6-14DD-CA41FD4DBEB6}.Release|Any CPU.Build.0 = Release|Any CPU
		{4351B392-20B9-40E8-4B43-8D208A5EAB9C}.Debug|Any CPU.ActiveCfg = Debug|Any CPU
		{4351B392-20B9-40E8-4B43-8D208A5EAB9C}.Debug|Any CPU.Build.0 = Debug|Any CPU
		{4351B392-20B9-40E8-4B43-8D208A5EAB9C}.Release|Any CPU.ActiveCfg = Release|Any CPU
		{4351B392-20B9-40E8-4B43-8D208A5EAB9C}.Release|Any CPU.Build.0 = Release|Any CPU
	EndGlobalSection
	GlobalSection(SolutionProperties) = preSolution
		HideSolutionNode = FALSE
	EndGlobalSection
	GlobalSection(ExtensibilityGlobals) = postSolution
		SolutionGuid = {488123A4-8EB5-42CF-A947-0CFF020146B3}
	EndGlobalSection
EndGlobal
